
Microsoft Visual Studio Solution File, Format Version 12.00
# Visual Studio Version 16
VisualStudioVersion = 16.0.31129.286
MinimumVisualStudioVersion = 10.0.40219.1
Project("{FAE04EC0-301F-11D3-BF4B-00C04F79EFBC}") = "WebApiFacturation", "WebApiFacturation\WebApiFacturation.csproj", "{EC25C335-750A-4D63-A67C-FAD8E001C795}"
EndProject
Project("{FAE04EC0-301F-11D3-BF4B-00C04F79EFBC}") = "DataAccess", "DataAccess\DataAccess.csproj", "{E70C9FB3-647D-4BC8-B27E-A26E81ADE80B}"
EndProject
Project("{FAE04EC0-301F-11D3-BF4B-00C04F79EFBC}") = "Domain", "Domain\Domain.csproj", "{5A32C198-D19B-47B6-9BA6-3FCE5669D511}"
EndProject
Global
	GlobalSection(SolutionConfigurationPlatforms) = preSolution
		Debug|Any CPU = Debug|Any CPU
		Release|Any CPU = Release|Any CPU
	EndGlobalSection
	GlobalSection(ProjectConfigurationPlatforms) = postSolution
		{EC25C335-750A-4D63-A67C-FAD8E001C795}.Debug|Any CPU.ActiveCfg = Debug|Any CPU
		{EC25C335-750A-4D63-A67C-FAD8E001C795}.Debug|Any CPU.Build.0 = Debug|Any CPU
		{EC25C335-750A-4D63-A67C-FAD8E001C795}.Release|Any CPU.ActiveCfg = Release|Any CPU
		{EC25C335-750A-4D63-A67C-FAD8E001C795}.Release|Any CPU.Build.0 = Release|Any CPU
		{E70C9FB3-647D-4BC8-B27E-A26E81ADE80B}.Debug|Any CPU.ActiveCfg = Debug|Any CPU
		{E70C9FB3-647D-4BC8-B27E-A26E81ADE80B}.Debug|Any CPU.Build.0 = Debug|Any CPU
		{E70C9FB3-647D-4BC8-B27E-A26E81ADE80B}.Release|Any CPU.ActiveCfg = Release|Any CPU
		{E70C9FB3-647D-4BC8-B27E-A26E81ADE80B}.Release|Any CPU.Build.0 = Release|Any CPU
		{5A32C198-D19B-47B6-9BA6-3FCE5669D511}.Debug|Any CPU.ActiveCfg = Debug|Any CPU
		{5A32C198-D19B-47B6-9BA6-3FCE5669D511}.Debug|Any CPU.Build.0 = Debug|Any CPU
		{5A32C198-D19B-47B6-9BA6-3FCE5669D511}.Release|Any CPU.ActiveCfg = Release|Any CPU
		{5A32C198-D19B-47B6-9BA6-3FCE5669D511}.Release|Any CPU.Build.0 = Release|Any CPU
	EndGlobalSection
	GlobalSection(SolutionProperties) = preSolution
		HideSolutionNode = FALSE
	EndGlobalSection
	GlobalSection(ExtensibilityGlobals) = postSolution
		SolutionGuid = {A9F6967E-FAE6-4768-854B-882B5D186B5B}
	EndGlobalSection
EndGlobal
